
Microsoft Visual Studio Solution File, Format Version 12.00
# Visual Studio 14
VisualStudioVersion = 14.0.25420.1
MinimumVisualStudioVersion = 10.0.40219.1
Project("{FAE04EC0-301F-11D3-BF4B-00C04F79EFBC}") = "SimlpeLibraryManagementSystem", "SimlpeLibraryManagementSystem\SimlpeLibraryManagementSystem.csproj", "{40AFAEBB-C1C3-4207-8848-C6E93096F492}"
EndProject
Project("{FAE04EC0-301F-11D3-BF4B-00C04F79EFBC}") = "AngularJsClient", "AngularJsClient\AngularJsClient.csproj", "{04610F9A-D21B-4AFF-9A4C-0E19A8C964D2}"
EndProject
Global
	GlobalSection(SolutionConfigurationPlatforms) = preSolution
		Debug|Any CPU = Debug|Any CPU
		Release|Any CPU = Release|Any CPU
	EndGlobalSection
	GlobalSection(ProjectConfigurationPlatforms) = postSolution
		{40AFAEBB-C1C3-4207-8848-C6E93096F492}.Debug|Any CPU.ActiveCfg = Debug|Any CPU
		{40AFAEBB-C1C3-4207-8848-C6E93096F492}.Debug|Any CPU.Build.0 = Debug|Any CPU
		{40AFAEBB-C1C3-4207-8848-C6E93096F492}.Release|Any CPU.ActiveCfg = Release|Any CPU
		{40AFAEBB-C1C3-4207-8848-C6E93096F492}.Release|Any CPU.Build.0 = Release|Any CPU
		{04610F9A-D21B-4AFF-9A4C-0E19A8C964D2}.Debug|Any CPU.ActiveCfg = Debug|Any CPU
		{04610F9A-D21B-4AFF-9A4C-0E19A8C964D2}.Debug|Any CPU.Build.0 = Debug|Any CPU
		{04610F9A-D21B-4AFF-9A4C-0E19A8C964D2}.Release|Any CPU.ActiveCfg = Release|Any CPU
		{04610F9A-D21B-4AFF-9A4C-0E19A8C964D2}.Release|Any CPU.Build.0 = Release|Any CPU
	EndGlobalSection
	GlobalSection(SolutionProperties) = preSolution
		HideSolutionNode = FALSE
	EndGlobalSection
EndGlobal
